
Microsoft Visual Studio Solution File, Format Version 12.00
# Visual Studio Version 17
VisualStudioVersion = 17.13.35825.156
MinimumVisualStudioVersion = 10.0.40219.1
Project("{FAE04EC0-301F-11D3-BF4B-00C04F79EFBC}") = "DentalPro.Api", "DentalPro.Api.csproj", "{4FFF3E98-5442-4241-A7BC-94AB02D43C77}"
EndProject
Project("{FAE04EC0-301F-11D3-BF4B-00C04F79EFBC}") = "DentalPro.Application", "..\DentalPro.Application\DentalPro.Application.csproj", "{0119531B-6DD8-9F71-AB59-32EADB048743}"
EndProject
Project("{FAE04EC0-301F-11D3-BF4B-00C04F79EFBC}") = "DentalPro.Infrastructure", "..\DentalPro.Infrastructure\DentalPro.Infrastructure.csproj", "{E9E2D28F-A866-436A-BCA4-933348910F12}"
EndProject
Project("{FAE04EC0-301F-11D3-BF4B-00C04F79EFBC}") = "DentalPro.Domain", "..\DentalPro.Domain\DentalPro.Domain.csproj", "{DBE12063-F571-4F58-A93E-48D6084B57B7}"
EndProject
Global
	GlobalSection(SolutionConfigurationPlatforms) = preSolution
		Debug|Any CPU = Debug|Any CPU
		Release|Any CPU = Release|Any CPU
	EndGlobalSection
	GlobalSection(ProjectConfigurationPlatforms) = postSolution
		{4FFF3E98-5442-4241-A7BC-94AB02D43C77}.Debug|Any CPU.ActiveCfg = Debug|Any CPU
		{4FFF3E98-5442-4241-A7BC-94AB02D43C77}.Debug|Any CPU.Build.0 = Debug|Any CPU
		{4FFF3E98-5442-4241-A7BC-94AB02D43C77}.Release|Any CPU.ActiveCfg = Release|Any CPU
		{4FFF3E98-5442-4241-A7BC-94AB02D43C77}.Release|Any CPU.Build.0 = Release|Any CPU
		{0119531B-6DD8-9F71-AB59-32EADB048743}.Debug|Any CPU.ActiveCfg = Debug|Any CPU
		{0119531B-6DD8-9F71-AB59-32EADB048743}.Debug|Any CPU.Build.0 = Debug|Any CPU
		{0119531B-6DD8-9F71-AB59-32EADB048743}.Release|Any CPU.ActiveCfg = Release|Any CPU
		{0119531B-6DD8-9F71-AB59-32EADB048743}.Release|Any CPU.Build.0 = Release|Any CPU
		{E9E2D28F-A866-436A-BCA4-933348910F12}.Debug|Any CPU.ActiveCfg = Debug|Any CPU
		{E9E2D28F-A866-436A-BCA4-933348910F12}.Debug|Any CPU.Build.0 = Debug|Any CPU
		{E9E2D28F-A866-436A-BCA4-933348910F12}.Release|Any CPU.ActiveCfg = Release|Any CPU
		{E9E2D28F-A866-436A-BCA4-933348910F12}.Release|Any CPU.Build.0 = Release|Any CPU
		{DBE12063-F571-4F58-A93E-48D6084B57B7}.Debug|Any CPU.ActiveCfg = Debug|Any CPU
		{DBE12063-F571-4F58-A93E-48D6084B57B7}.Debug|Any CPU.Build.0 = Debug|Any CPU
		{DBE12063-F571-4F58-A93E-48D6084B57B7}.Release|Any CPU.ActiveCfg = Release|Any CPU
		{DBE12063-F571-4F58-A93E-48D6084B57B7}.Release|Any CPU.Build.0 = Release|Any CPU
	EndGlobalSection
	GlobalSection(SolutionProperties) = preSolution
		HideSolutionNode = FALSE
	EndGlobalSection
	GlobalSection(ExtensibilityGlobals) = postSolution
		SolutionGuid = {1CA77069-F328-4BF9-8CDE-03847A618ED9}
	EndGlobalSection
EndGlobal
